
Microsoft Visual Studio Solution File, Format Version 12.00
# Visual Studio Version 17
VisualStudioVersion = 17.12.35527.113
MinimumVisualStudioVersion = 10.0.40219.1
Project("{FAE04EC0-301F-11D3-BF4B-00C04F79EFBC}") = "WepApi", "WepApi\WepApi.csproj", "{77982C31-DAD7-4BD8-8EA1-773191EF6D71}"
EndProject
Project("{FAE04EC0-301F-11D3-BF4B-00C04F79EFBC}") = "BusinessLayer", "BusinessLayer\BusinessLayer.csproj", "{632531A3-E4A2-4ADB-A6DA-F7B74AF8A21A}"
EndProject
Project("{FAE04EC0-301F-11D3-BF4B-00C04F79EFBC}") = "Domains", "Domains\Domains.csproj", "{8A77CD1C-7B53-4F82-A26A-E57D4E59B10A}"
EndProject
Project("{FAE04EC0-301F-11D3-BF4B-00C04F79EFBC}") = "DataAccess", "DataAccess\DataAccess.csproj", "{C3E9AA38-FB84-4161-AC8A-D28D36E00628}"
EndProject
Project("{FAE04EC0-301F-11D3-BF4B-00C04F79EFBC}") = "UIProject", "UIProject\UIProject.csproj", "{4C0026AB-F83E-48EE-BA53-4C27D1834D7C}"
EndProject
Project("{FAE04EC0-301F-11D3-BF4B-00C04F79EFBC}") = "Resources", "Resources\Resources.csproj", "{D75C06AD-C9F3-4A05-AA17-96BAC4D0EB1B}"
EndProject
Global
	GlobalSection(SolutionConfigurationPlatforms) = preSolution
		Debug|Any CPU = Debug|Any CPU
		Release|Any CPU = Release|Any CPU
	EndGlobalSection
	GlobalSection(ProjectConfigurationPlatforms) = postSolution
		{77982C31-DAD7-4BD8-8EA1-773191EF6D71}.Debug|Any CPU.ActiveCfg = Debug|Any CPU
		{77982C31-DAD7-4BD8-8EA1-773191EF6D71}.Debug|Any CPU.Build.0 = Debug|Any CPU
		{77982C31-DAD7-4BD8-8EA1-773191EF6D71}.Release|Any CPU.ActiveCfg = Release|Any CPU
		{77982C31-DAD7-4BD8-8EA1-773191EF6D71}.Release|Any CPU.Build.0 = Release|Any CPU
		{632531A3-E4A2-4ADB-A6DA-F7B74AF8A21A}.Debug|Any CPU.ActiveCfg = Debug|Any CPU
		{632531A3-E4A2-4ADB-A6DA-F7B74AF8A21A}.Debug|Any CPU.Build.0 = Debug|Any CPU
		{632531A3-E4A2-4ADB-A6DA-F7B74AF8A21A}.Release|Any CPU.ActiveCfg = Release|Any CPU
		{632531A3-E4A2-4ADB-A6DA-F7B74AF8A21A}.Release|Any CPU.Build.0 = Release|Any CPU
		{8A77CD1C-7B53-4F82-A26A-E57D4E59B10A}.Debug|Any CPU.ActiveCfg = Debug|Any CPU
		{8A77CD1C-7B53-4F82-A26A-E57D4E59B10A}.Debug|Any CPU.Build.0 = Debug|Any CPU
		{8A77CD1C-7B53-4F82-A26A-E57D4E59B10A}.Release|Any CPU.ActiveCfg = Release|Any CPU
		{8A77CD1C-7B53-4F82-A26A-E57D4E59B10A}.Release|Any CPU.Build.0 = Release|Any CPU
		{C3E9AA38-FB84-4161-AC8A-D28D36E00628}.Debug|Any CPU.ActiveCfg = Debug|Any CPU
		{C3E9AA38-FB84-4161-AC8A-D28D36E00628}.Debug|Any CPU.Build.0 = Debug|Any CPU
		{C3E9AA38-FB84-4161-AC8A-D28D36E00628}.Release|Any CPU.ActiveCfg = Release|Any CPU
		{C3E9AA38-FB84-4161-AC8A-D28D36E00628}.Release|Any CPU.Build.0 = Release|Any CPU
		{4C0026AB-F83E-48EE-BA53-4C27D1834D7C}.Debug|Any CPU.ActiveCfg = Debug|Any CPU
		{4C0026AB-F83E-48EE-BA53-4C27D1834D7C}.Debug|Any CPU.Build.0 = Debug|Any CPU
		{4C0026AB-F83E-48EE-BA53-4C27D1834D7C}.Release|Any CPU.ActiveCfg = Release|Any CPU
		{4C0026AB-F83E-48EE-BA53-4C27D1834D7C}.Release|Any CPU.Build.0 = Release|Any CPU
		{D75C06AD-C9F3-4A05-AA17-96BAC4D0EB1B}.Debug|Any CPU.ActiveCfg = Debug|Any CPU
		{D75C06AD-C9F3-4A05-AA17-96BAC4D0EB1B}.Debug|Any CPU.Build.0 = Debug|Any CPU
		{D75C06AD-C9F3-4A05-AA17-96BAC4D0EB1B}.Release|Any CPU.ActiveCfg = Release|Any CPU
		{D75C06AD-C9F3-4A05-AA17-96BAC4D0EB1B}.Release|Any CPU.Build.0 = Release|Any CPU
	EndGlobalSection
	GlobalSection(SolutionProperties) = preSolution
		HideSolutionNode = FALSE
	EndGlobalSection
EndGlobal
